
Microsoft Visual Studio Solution File, Format Version 12.00
# Visual Studio 2015
Project("{FAE04EC0-301F-11D3-BF4B-00C04F79EFBC}") = "Zen Moon", "Zen Moon.csproj", "{1E9FF8E3-5665-1A46-EEA9-3190F3F77A8E}"
EndProject
Global
	GlobalSection(SolutionConfigurationPlatforms) = preSolution
		Debug|Any CPU = Debug|Any CPU
		Release|Any CPU = Release|Any CPU
	EndGlobalSection
	GlobalSection(ProjectConfigurationPlatforms) = postSolution
		{1E9FF8E3-5665-1A46-EEA9-3190F3F77A8E}.Debug|Any CPU.ActiveCfg = Debug|Any CPU
		{1E9FF8E3-5665-1A46-EEA9-3190F3F77A8E}.Debug|Any CPU.Build.0 = Debug|Any CPU
		{1E9FF8E3-5665-1A46-EEA9-3190F3F77A8E}.Release|Any CPU.ActiveCfg = Release|Any CPU
		{1E9FF8E3-5665-1A46-EEA9-3190F3F77A8E}.Release|Any CPU.Build.0 = Release|Any CPU
	EndGlobalSection
	GlobalSection(SolutionProperties) = preSolution
		HideSolutionNode = FALSE
	EndGlobalSection
EndGlobal
