Microsoft Visual Studio Solution File, Format Version 11.00
# Visual Studio 2008

Project("{E6E22E45-D041-775A-2B5A-E4A11E62681A}") = "SaveLoad", "Assembly-CSharp.csproj", "{320BF394-C5EA-9005-0584-39E2F6B7D599}"
EndProject
Global
	GlobalSection(SolutionConfigurationPlatforms) = preSolution
		Debug|Any CPU = Debug|Any CPU
		Release|Any CPU = Release|Any CPU
	EndGlobalSection
	GlobalSection(ProjectConfigurationPlatforms) = postSolution
		{320BF394-C5EA-9005-0584-39E2F6B7D599}.Debug|Any CPU.ActiveCfg = Debug|Any CPU
		{320BF394-C5EA-9005-0584-39E2F6B7D599}.Debug|Any CPU.Build.0 = Debug|Any CPU
		{320BF394-C5EA-9005-0584-39E2F6B7D599}.Release|Any CPU.ActiveCfg = Release|Any CPU
		{320BF394-C5EA-9005-0584-39E2F6B7D599}.Release|Any CPU.Build.0 = Release|Any CPU
	EndGlobalSection
	GlobalSection(SolutionProperties) = preSolution
		HideSolutionNode = FALSE
	EndGlobalSection
	GlobalSection(MonoDevelopProperties) = preSolution
		StartupItem = Assembly-CSharp.csproj
	EndGlobalSection
EndGlobal
